Microsoft Visual Studio Solution File, Format Version 12.00
# Visual Studio 15
VisualStudioVersion = 15.0.27703.2026
MinimumVisualStudioVersion = 10.0.40219.1
Project("{FAE04EC0-301F-11D3-BF4B-00C04F79EFBC}") = "Practice.Android", "Practice.Android\Practice.Android.csproj", "{1B21D9A3-BE8F-44D4-B9B2-E8431A44D34F}"
EndProject
Project("{FAE04EC0-301F-11D3-BF4B-00C04F79EFBC}") = "Practice.iOS", "Practice.iOS\Practice.iOS.csproj", "{870B20B2-BC71-4857-A5E9-D81036995ECA}"
EndProject
Project("{9A19103F-16F7-4668-BE54-9A1E7A4F7556}") = "Practice", "Practice\Practice.csproj", "{E0F52C28-0F8E-417E-B69A-BA1FBC7924D9}"
EndProject
Global
	GlobalSection(SolutionConfigurationPlatforms) = preSolution
		Ad-Hoc|Any CPU = Ad-Hoc|Any CPU
		Ad-Hoc|iPhone = Ad-Hoc|iPhone
		Ad-Hoc|iPhoneSimulator = Ad-Hoc|iPhoneSimulator
		AppStore|Any CPU = AppStore|Any CPU
		AppStore|iPhone = AppStore|iPhone
		AppStore|iPhoneSimulator = AppStore|iPhoneSimulator
		Debug|Any CPU = Debug|Any CPU
		Debug|iPhone = Debug|iPhone
		Debug|iPhoneSimulator = Debug|iPhoneSimulator
		Release|Any CPU = Release|Any CPU
		Release|iPhone = Release|iPhone
		Release|iPhoneSimulator = Release|iPhoneSimulator
	EndGlobalSection
	GlobalSection(ProjectConfigurationPlatforms) = postSolution
		{1B21D9A3-BE8F-44D4-B9B2-E8431A44D34F}.Ad-Hoc|Any CPU.ActiveCfg = Release|Any CPU
		{1B21D9A3-BE8F-44D4-B9B2-E8431A44D34F}.Ad-Hoc|Any CPU.Build.0 = Release|Any CPU
		{1B21D9A3-BE8F-44D4-B9B2-E8431A44D34F}.Ad-Hoc|Any CPU.Deploy.0 = Release|Any CPU
		{1B21D9A3-BE8F-44D4-B9B2-E8431A44D34F}.Ad-Hoc|iPhone.ActiveCfg = Debug|Any CPU
		{1B21D9A3-BE8F-44D4-B9B2-E8431A44D34F}.Ad-Hoc|iPhone.Build.0 = Debug|Any CPU
		{1B21D9A3-BE8F-44D4-B9B2-E8431A44D34F}.Ad-Hoc|iPhoneSimulator.ActiveCfg = Release|Any CPU
		{1B21D9A3-BE8F-44D4-B9B2-E8431A44D34F}.Ad-Hoc|iPhoneSimulator.Build.0 = Release|Any CPU
		{1B21D9A3-BE8F-44D4-B9B2-E8431A44D34F}.Ad-Hoc|iPhoneSimulator.Deploy.0 = Release|Any CPU
		{1B21D9A3-BE8F-44D4-B9B2-E8431A44D34F}.AppStore|Any CPU.ActiveCfg = Release|Any CPU
		{1B21D9A3-BE8F-44D4-B9B2-E8431A44D34F}.AppStore|Any CPU.Build.0 = Release|Any CPU
		{1B21D9A3-BE8F-44D4-B9B2-E8431A44D34F}.AppStore|Any CPU.Deploy.0 = Release|Any CPU
		{1B21D9A3-BE8F-44D4-B9B2-E8431A44D34F}.AppStore|iPhone.ActiveCfg = Debug|Any CPU
		{1B21D9A3-BE8F-44D4-B9B2-E8431A44D34F}.AppStore|iPhone.Build.0 = Debug|Any CPU
		{1B21D9A3-BE8F-44D4-B9B2-E8431A44D34F}.AppStore|iPhoneSimulator.ActiveCfg = Release|Any CPU
		{1B21D9A3-BE8F-44D4-B9B2-E8431A44D34F}.AppStore|iPhoneSimulator.Build.0 = Release|Any CPU
		{1B21D9A3-BE8F-44D4-B9B2-E8431A44D34F}.AppStore|iPhoneSimulator.Deploy.0 = Release|Any CPU
		{1B21D9A3-BE8F-44D4-B9B2-E8431A44D34F}.Debug|Any CPU.ActiveCfg = Debug|Any CPU
		{1B21D9A3-BE8F-44D4-B9B2-E8431A44D34F}.Debug|Any CPU.Build.0 = Debug|Any CPU
		{1B21D9A3-BE8F-44D4-B9B2-E8431A44D34F}.Debug|Any CPU.Deploy.0 = Debug|Any CPU
		{1B21D9A3-BE8F-44D4-B9B2-E8431A44D34F}.Debug|iPhone.ActiveCfg = Debug|Any CPU
		{1B21D9A3-BE8F-44D4-B9B2-E8431A44D34F}.Debug|iPhone.Build.0 = Debug|Any CPU
		{1B21D9A3-BE8F-44D4-B9B2-E8431A44D34F}.Debug|iPhoneSimulator.ActiveCfg = Debug|Any CPU
		{1B21D9A3-BE8F-44D4-B9B2-E8431A44D34F}.Debug|iPhoneSimulator.Build.0 = Debug|Any CPU
		{1B21D9A3-BE8F-44D4-B9B2-E8431A44D34F}.Release|Any CPU.ActiveCfg = Release|Any CPU
		{1B21D9A3-BE8F-44D4-B9B2-E8431A44D34F}.Release|Any CPU.Build.0 = Release|Any CPU
		{1B21D9A3-BE8F-44D4-B9B2-E8431A44D34F}.Release|iPhone.ActiveCfg = Release|Any CPU
		{1B21D9A3-BE8F-44D4-B9B2-E8431A44D34F}.Release|iPhone.Build.0 = Release|Any CPU
		{1B21D9A3-BE8F-44D4-B9B2-E8431A44D34F}.Release|iPhoneSimulator.ActiveCfg = Release|Any CPU
		{1B21D9A3-BE8F-44D4-B9B2-E8431A44D34F}.Release|iPhoneSimulator.Build.0 = Release|Any CPU
		{870B20B2-BC71-4857-A5E9-D81036995ECA}.Ad-Hoc|Any CPU.ActiveCfg = Ad-Hoc|iPhoneSimulator
		{870B20B2-BC71-4857-A5E9-D81036995ECA}.Ad-Hoc|iPhone.ActiveCfg = Ad-Hoc|iPhone
		{870B20B2-BC71-4857-A5E9-D81036995ECA}.Ad-Hoc|iPhone.Build.0 = Ad-Hoc|iPhone
		{870B20B2-BC71-4857-A5E9-D81036995ECA}.Ad-Hoc|iPhoneSimulator.ActiveCfg = Ad-Hoc|iPhoneSimulator
		{870B20B2-BC71-4857-A5E9-D81036995ECA}.Ad-Hoc|iPhoneSimulator.Build.0 = Ad-Hoc|iPhoneSimulator
		{870B20B2-BC71-4857-A5E9-D81036995ECA}.AppStore|Any CPU.ActiveCfg = AppStore|iPhoneSimulator
		{870B20B2-BC71-4857-A5E9-D81036995ECA}.AppStore|iPhone.ActiveCfg = AppStore|iPhone
		{870B20B2-BC71-4857-A5E9-D81036995ECA}.AppStore|iPhone.Build.0 = AppStore|iPhone
		{870B20B2-BC71-4857-A5E9-D81036995ECA}.AppStore|iPhoneSimulator.ActiveCfg = AppStore|iPhoneSimulator
		{870B20B2-BC71-4857-A5E9-D81036995ECA}.AppStore|iPhoneSimulator.Build.0 = AppStore|iPhoneSimulator
		{870B20B2-BC71-4857-A5E9-D81036995ECA}.Debug|Any CPU.ActiveCfg = Debug|iPhoneSimulator
		{870B20B2-BC71-4857-A5E9-D81036995ECA}.Debug|Any CPU.Build.0 = Debug|iPhoneSimulator
		{870B20B2-BC71-4857-A5E9-D81036995ECA}.Debug|iPhone.ActiveCfg = Debug|iPhone
		{870B20B2-BC71-4857-A5E9-D81036995ECA}.Debug|iPhone.Build.0 = Debug|iPhone
		{870B20B2-BC71-4857-A5E9-D81036995ECA}.Debug|iPhoneSimulator.ActiveCfg = Debug|iPhoneSimulator
		{870B20B2-BC71-4857-A5E9-D81036995ECA}.Debug|iPhoneSimulator.Build.0 = Debug|iPhoneSimulator
		{870B20B2-BC71-4857-A5E9-D81036995ECA}.Release|Any CPU.ActiveCfg = Release|iPhoneSimulator
		{870B20B2-BC71-4857-A5E9-D81036995ECA}.Release|Any CPU.Build.0 = Release|iPhoneSimulator
		{870B20B2-BC71-4857-A5E9-D81036995ECA}.Release|iPhone.ActiveCfg = Release|iPhone
		{870B20B2-BC71-4857-A5E9-D81036995ECA}.Release|iPhone.Build.0 = Release|iPhone
		{870B20B2-BC71-4857-A5E9-D81036995ECA}.Release|iPhoneSimulator.ActiveCfg = Release|iPhoneSimulator
		{870B20B2-BC71-4857-A5E9-D81036995ECA}.Release|iPhoneSimulator.Build.0 = Release|iPhoneSimulator
		{E0F52C28-0F8E-417E-B69A-BA1FBC7924D9}.Ad-Hoc|Any CPU.ActiveCfg = Release|Any CPU
		{E0F52C28-0F8E-417E-B69A-BA1FBC7924D9}.Ad-Hoc|Any CPU.Build.0 = Release|Any CPU
		{E0F52C28-0F8E-417E-B69A-BA1FBC7924D9}.Ad-Hoc|iPhone.ActiveCfg = Debug|Any CPU
		{E0F52C28-0F8E-417E-B69A-BA1FBC7924D9}.Ad-Hoc|iPhone.Build.0 = Debug|Any CPU
		{E0F52C28-0F8E-417E-B69A-BA1FBC7924D9}.Ad-Hoc|iPhoneSimulator.ActiveCfg = Release|Any CPU
		{E0F52C28-0F8E-417E-B69A-BA1FBC7924D9}.Ad-Hoc|iPhoneSimulator.Build.0 = Release|Any CPU
		{E0F52C28-0F8E-417E-B69A-BA1FBC7924D9}.AppStore|Any CPU.ActiveCfg = Release|Any CPU
		{E0F52C28-0F8E-417E-B69A-BA1FBC7924D9}.AppStore|Any CPU.Build.0 = Release|Any CPU
		{E0F52C28-0F8E-417E-B69A-BA1FBC7924D9}.AppStore|iPhone.ActiveCfg = Debug|Any CPU
		{E0F52C28-0F8E-417E-B69A-BA1FBC7924D9}.AppStore|iPhone.Build.0 = Debug|Any CPU
		{E0F52C28-0F8E-417E-B69A-BA1FBC7924D9}.AppStore|iPhoneSimulator.ActiveCfg = Release|Any CPU
		{E0F52C28-0F8E-417E-B69A-BA1FBC7924D9}.AppStore|iPhoneSimulator.Build.0 = Release|Any CPU
		{E0F52C28-0F8E-417E-B69A-BA1FBC7924D9}.Debug|Any CPU.ActiveCfg = Debug|Any CPU
		{E0F52C28-0F8E-417E-B69A-BA1FBC7924D9}.Debug|Any CPU.Build.0 = Debug|Any CPU
		{E0F52C28-0F8E-417E-B69A-BA1FBC7924D9}.Debug|iPhone.ActiveCfg = Debug|Any CPU
		{E0F52C28-0F8E-417E-B69A-BA1FBC7924D9}.Debug|iPhone.Build.0 = Debug|Any CPU
		{E0F52C28-0F8E-417E-B69A-BA1FBC7924D9}.Debug|iPhoneSimulator.ActiveCfg = Debug|Any CPU
		{E0F52C28-0F8E-417E-B69A-BA1FBC7924D9}.Debug|iPhoneSimulator.Build.0 = Debug|Any CPU
		{E0F52C28-0F8E-417E-B69A-BA1FBC7924D9}.Release|Any CPU.ActiveCfg = Release|Any CPU
		{E0F52C28-0F8E-417E-B69A-BA1FBC7924D9}.Release|Any CPU.Build.0 = Release|Any CPU
		{E0F52C28-0F8E-417E-B69A-BA1FBC7924D9}.Release|iPhone.ActiveCfg = Release|Any CPU
		{E0F52C28-0F8E-417E-B69A-BA1FBC7924D9}.Release|iPhone.Build.0 = Release|Any CPU
		{E0F52C28-0F8E-417E-B69A-BA1FBC7924D9}.Release|iPhoneSimulator.ActiveCfg = Release|Any CPU
		{E0F52C28-0F8E-417E-B69A-BA1FBC7924D9}.Release|iPhoneSimulator.Build.0 = Release|Any CPU
	EndGlobalSection
	GlobalSection(SolutionProperties) = preSolution
		HideSolutionNode = FALSE
	EndGlobalSection
	GlobalSection(ExtensibilityGlobals) = postSolution
		SolutionGuid = {FC10E241-E8BE-491B-A478-E3C8F4F64BC1}
	EndGlobalSection
EndGlobal
